
Microsoft Visual Studio Solution File, Format Version 12.00
# Visual Studio Version 16
VisualStudioVersion = 16.0.29503.13
MinimumVisualStudioVersion = 10.0.40219.1
Project("{9A19103F-16F7-4668-BE54-9A1E7A4F7556}") = "Service", "Service\Service.csproj", "{630B6C05-4EB7-49AD-B685-CB03E87658A4}"
EndProject
Project("{9A19103F-16F7-4668-BE54-9A1E7A4F7556}") = "Business", "Business\Business.csproj", "{0EF29A14-8DFB-441A-AF8D-A01CCFE32D0F}"
EndProject
Project("{9A19103F-16F7-4668-BE54-9A1E7A4F7556}") = "Common", "Common\Common.csproj", "{E44EFBFE-6D1F-48F8-B29C-0CB05AD20AED}"
EndProject
Project("{9A19103F-16F7-4668-BE54-9A1E7A4F7556}") = "Data", "Data\Data.csproj", "{DD06FCFD-1E11-400E-82AF-F8D6818DC573}"
EndProject
Project("{2150E333-8FDC-42A3-9474-1A3956D46DE8}") = "Solution Items", "Solution Items", "{E25F3EF8-CCD1-48C6-967E-8A6906CFA59B}"
	ProjectSection(SolutionItems) = preProject
		Wv8.ruleset = Wv8.ruleset
	EndProjectSection
EndProject
Project("{9A19103F-16F7-4668-BE54-9A1E7A4F7556}") = "Business.UnitTest", "Business.UnitTest\Business.UnitTest.csproj", "{00AFE874-0AB9-43D0-8576-3452093ED00E}"
EndProject
Project("{FAE04EC0-301F-11D3-BF4B-00C04F79EFBC}") = "Data.External", "Data.External\Data.External.csproj", "{7EC15375-B073-42FF-8C27-B398F4A0D147}"
EndProject
Project("{FAE04EC0-301F-11D3-BF4B-00C04F79EFBC}") = "Data.External.IntegrationTest", "Data.External.IntegrationTest\Data.External.IntegrationTest.csproj", "{91408AB4-A54E-4790-AA32-6F57CDBE9365}"
EndProject
Global
	GlobalSection(SolutionConfigurationPlatforms) = preSolution
		Debug|Any CPU = Debug|Any CPU
		Release|Any CPU = Release|Any CPU
	EndGlobalSection
	GlobalSection(ProjectConfigurationPlatforms) = postSolution
		{630B6C05-4EB7-49AD-B685-CB03E87658A4}.Debug|Any CPU.ActiveCfg = Debug|Any CPU
		{630B6C05-4EB7-49AD-B685-CB03E87658A4}.Debug|Any CPU.Build.0 = Debug|Any CPU
		{630B6C05-4EB7-49AD-B685-CB03E87658A4}.Release|Any CPU.ActiveCfg = Release|Any CPU
		{630B6C05-4EB7-49AD-B685-CB03E87658A4}.Release|Any CPU.Build.0 = Release|Any CPU
		{0EF29A14-8DFB-441A-AF8D-A01CCFE32D0F}.Debug|Any CPU.ActiveCfg = Debug|Any CPU
		{0EF29A14-8DFB-441A-AF8D-A01CCFE32D0F}.Debug|Any CPU.Build.0 = Debug|Any CPU
		{0EF29A14-8DFB-441A-AF8D-A01CCFE32D0F}.Release|Any CPU.ActiveCfg = Release|Any CPU
		{0EF29A14-8DFB-441A-AF8D-A01CCFE32D0F}.Release|Any CPU.Build.0 = Release|Any CPU
		{E44EFBFE-6D1F-48F8-B29C-0CB05AD20AED}.Debug|Any CPU.ActiveCfg = Debug|Any CPU
		{E44EFBFE-6D1F-48F8-B29C-0CB05AD20AED}.Debug|Any CPU.Build.0 = Debug|Any CPU
		{E44EFBFE-6D1F-48F8-B29C-0CB05AD20AED}.Release|Any CPU.ActiveCfg = Release|Any CPU
		{E44EFBFE-6D1F-48F8-B29C-0CB05AD20AED}.Release|Any CPU.Build.0 = Release|Any CPU
		{DD06FCFD-1E11-400E-82AF-F8D6818DC573}.Debug|Any CPU.ActiveCfg = Debug|Any CPU
		{DD06FCFD-1E11-400E-82AF-F8D6818DC573}.Debug|Any CPU.Build.0 = Debug|Any CPU
		{DD06FCFD-1E11-400E-82AF-F8D6818DC573}.Release|Any CPU.ActiveCfg = Release|Any CPU
		{DD06FCFD-1E11-400E-82AF-F8D6818DC573}.Release|Any CPU.Build.0 = Release|Any CPU
		{00AFE874-0AB9-43D0-8576-3452093ED00E}.Debug|Any CPU.ActiveCfg = Debug|Any CPU
		{00AFE874-0AB9-43D0-8576-3452093ED00E}.Debug|Any CPU.Build.0 = Debug|Any CPU
		{00AFE874-0AB9-43D0-8576-3452093ED00E}.Release|Any CPU.ActiveCfg = Release|Any CPU
		{00AFE874-0AB9-43D0-8576-3452093ED00E}.Release|Any CPU.Build.0 = Release|Any CPU
		{7EC15375-B073-42FF-8C27-B398F4A0D147}.Debug|Any CPU.ActiveCfg = Debug|Any CPU
		{7EC15375-B073-42FF-8C27-B398F4A0D147}.Debug|Any CPU.Build.0 = Debug|Any CPU
		{7EC15375-B073-42FF-8C27-B398F4A0D147}.Release|Any CPU.ActiveCfg = Release|Any CPU
		{7EC15375-B073-42FF-8C27-B398F4A0D147}.Release|Any CPU.Build.0 = Release|Any CPU
		{91408AB4-A54E-4790-AA32-6F57CDBE9365}.Debug|Any CPU.ActiveCfg = Debug|Any CPU
		{91408AB4-A54E-4790-AA32-6F57CDBE9365}.Debug|Any CPU.Build.0 = Debug|Any CPU
		{91408AB4-A54E-4790-AA32-6F57CDBE9365}.Release|Any CPU.ActiveCfg = Release|Any CPU
		{91408AB4-A54E-4790-AA32-6F57CDBE9365}.Release|Any CPU.Build.0 = Release|Any CPU
	EndGlobalSection
	GlobalSection(SolutionProperties) = preSolution
		HideSolutionNode = FALSE
	EndGlobalSection
	GlobalSection(ExtensibilityGlobals) = postSolution
		SolutionGuid = {997D5F56-A710-4A0D-B39D-2969357D7040}
	EndGlobalSection
EndGlobal
